{
    "_meta": {
        "hash": {
            "sha256": "ebe233239cdac0b3b9af63470d828b14ac186d2e2e4bf93712e80e007cf3a2c7"
        },
        "pipfile-spec": 6,
        "requires": {
            "python_version": "3.7"
        },
        "sources": [
            {
                "name": "pypi",
                "url": "https://pypi.org/simple",
                "verify_ssl": true
            }
        ]
    },
    "default": {
        "yapf": {
            "hashes": [
                "sha256:edb47be90a56ca6f3075fe24f119a22225fbd62c66777b5d3916a7e9e793891b",
                "sha256:f58069d5e0df60c078f3f986b8a63acfda73aa6ebb7cd423f6eabd1cb06420ba"
            ],
            "index": "pypi",
            "version": "==0.26.0"
        }
    },
    "develop": {}
}
